// !$*UTF8*$!
{
	archiveVersion = 1;
	classes = {
	};
	objectVersion = 46;
	objects = {

/* Begin PBXBuildFile section */
		23C688EE1D25A64500E65D70 /* main.m in Sources */ = {isa = PBXBuildFile; fileRef = 23C688ED1D25A64500E65D70 /* main.m */; };
		23C688F61D25A6BD00E65D70 /* BNRPerson.m in Sources */ = {isa = PBXBuildFile; fileRef = 23C688F51D25A6BD00E65D70 /* BNRPerson.m */; };
		23C688F91D25AC3000E65D70 /* BNRStockHolding.m in Sources */ = {isa = PBXBuildFile; fileRef = 23C688F81D25AC3000E65D70 /* BNRStockHolding.m */; };
		23EBB7F11D280AD900CC5AE9 /* BNREmployee.m in Sources */ = {isa = PBXBuildFile; fileRef = 23EBB7F01D280AD900CC5AE9 /* BNREmployee.m */; };
		23EBB7F41D28152D00CC5AE9 /* BNRForeignStockHolding.m in Sources */ = {isa = PBXBuildFile; fileRef = 23EBB7F31D28152D00CC5AE9 /* BNRForeignStockHolding.m */; };
		23EBB7F71D281A8C00CC5AE9 /* BNRAsset.m in Sources */ = {isa = PBXBuildFile; fileRef = 23EBB7F61D281A8C00CC5AE9 /* BNRAsset.m */; };
/* End PBXBuildFile section */

/* Begin PBXCopyFilesBuildPhase section */
		23C688E81D25A64500E65D70 /* CopyFiles */ = {
			isa = PBXCopyFilesBuildPhase;
			buildActionMask = 2147483647;
			dstPath = /usr/share/man/man1/;
			dstSubfolderSpec = 0;
			files = (
			);
			runOnlyForDeploymentPostprocessing = 1;
		};
/* End PBXCopyFilesBuildPhase section */

/* Begin PBXFileReference section */
		23C688EA1D25A64500E65D70 /* BMITime */ = {isa = PBXFileReference; explicitFileType = "compiled.mach-o.executable"; includeInIndex = 0; path = BMITime; sourceTree = BUILT_PRODUCTS_DIR; };
		23C688ED1D25A64500E65D70 /* main.m */ = {isa = PBXFileReference; lastKnownFileType = sourcecode.c.objc; path = main.m; sourceTree = "<group>"; };
		23C688F41D25A6BD00E65D70 /* BNRPerson.h */ = {isa = PBXFileReference; fileEncoding = 4; lastKnownFileType = sourcecode.c.h; name = BNRPerson.h; path = ../BNRPerson.h; sourceTree = "<group>"; };
		23C688F51D25A6BD00E65D70 /* BNRPerson.m */ = {isa = PBXFileReference; fileEncoding = 4; lastKnownFileType = sourcecode.c.objc; name = BNRPerson.m; path = ../BNRPerson.m; sourceTree = "<group>"; };
		23C688F71D25AC3000E65D70 /* BNRStockHolding.h */ = {isa = PBXFileReference; fileEncoding = 4; lastKnownFileType = sourcecode.c.h; path = BNRStockHolding.h; sourceTree = "<group>"; };
		23C688F81D25AC3000E65D70 /* BNRStockHolding.m */ = {isa = PBXFileReference; fileEncoding = 4; lastKnownFileType = sourcecode.c.objc; path = BNRStockHolding.m; sourceTree = "<group>"; };
		23EBB7EF1D280AD900CC5AE9 /* BNREmployee.h */ = {isa = PBXFileReference; fileEncoding = 4; lastKnownFileType = sourcecode.c.h; path = BNREmployee.h; sourceTree = "<group>"; };
		23EBB7F01D280AD900CC5AE9 /* BNREmployee.m */ = {isa = PBXFileReference; fileEncoding = 4; lastKnownFileType = sourcecode.c.objc; path = BNREmployee.m; sourceTree = "<group>"; };
		23EBB7F21D28152D00CC5AE9 /* BNRForeignStockHolding.h */ = {isa = PBXFileReference; fileEncoding = 4; lastKnownFileType = sourcecode.c.h; path = BNRForeignStockHolding.h; sourceTree = "<group>"; };
		23EBB7F31D28152D00CC5AE9 /* BNRForeignStockHolding.m */ = {isa = PBXFileReference; fileEncoding = 4; lastKnownFileType = sourcecode.c.objc; path = BNRForeignStockHolding.m; sourceTree = "<group>"; };
		23EBB7F51D281A8C00CC5AE9 /* BNRAsset.h */ = {isa = PBXFileReference; fileEncoding = 4; lastKnownFileType = sourcecode.c.h; path = BNRAsset.h; sourceTree = "<group>"; };
		23EBB7F61D281A8C00CC5AE9 /* BNRAsset.m */ = {isa = PBXFileReference; fileEncoding = 4; lastKnownFileType = sourcecode.c.objc; path = BNRAsset.m; sourceTree = "<group>"; };
/* End PBXFileReference section */

/* Begin PBXFrameworksBuildPhase section */
		23C688E71D25A64500E65D70 /* Frameworks */ = {
			isa = PBXFrameworksBuildPhase;
			buildActionMask = 2147483647;
			files = (
			);
			runOnlyForDeploymentPostprocessing = 0;
		};
/* End PBXFrameworksBuildPhase section */

/* Begin PBXGroup section */
		23C688E11D25A64500E65D70 = {
			isa = PBXGroup;
			children = (
				23C688EC1D25A64500E65D70 /* BMITime */,
				23C688EB1D25A64500E65D70 /* Products */,
			);
			sourceTree = "<group>";
		};
		23C688EB1D25A64500E65D70 /* Products */ = {
			isa = PBXGroup;
			children = (
				23C688EA1D25A64500E65D70 /* BMITime */,
			);
			name = Products;
			sourceTree = "<group>";
		};
		23C688EC1D25A64500E65D70 /* BMITime */ = {
			isa = PBXGroup;
			children = (
				23C688F41D25A6BD00E65D70 /* BNRPerson.h */,
				23C688F51D25A6BD00E65D70 /* BNRPerson.m */,
				23C688ED1D25A64500E65D70 /* main.m */,
				23EBB7F51D281A8C00CC5AE9 /* BNRAsset.h */,
				23EBB7F61D281A8C00CC5AE9 /* BNRAsset.m */,
				23C688F71D25AC3000E65D70 /* BNRStockHolding.h */,
				23C688F81D25AC3000E65D70 /* BNRStockHolding.m */,
				23EBB7EF1D280AD900CC5AE9 /* BNREmployee.h */,
				23EBB7F01D280AD900CC5AE9 /* BNREmployee.m */,
				23EBB7F21D28152D00CC5AE9 /* BNRForeignStockHolding.h */,
				23EBB7F31D28152D00CC5AE9 /* BNRForeignStockHolding.m */,
			);
			path = BMITime;
			sourceTree = "<group>";
		};
/* End PBXGroup section */

/* Begin PBXNativeTarget section */
		23C688E91D25A64500E65D70 /* BMITime */ = {
			isa = PBXNativeTarget;
			buildConfigurationList = 23C688F11D25A64500E65D70 /* Build configuration list for PBXNativeTarget "BMITime" */;
			buildPhases = (
				23C688E61D25A64500E65D70 /* Sources */,
				23C688E71D25A64500E65D70 /* Frameworks */,
				23C688E81D25A64500E65D70 /* CopyFiles */,
			);
			buildRules = (
			);
			dependencies = (
			);
			name = BMITime;
			productName = BMITime;
			productReference = 23C688EA1D25A64500E65D70 /* BMITime */;
			productType = "com.apple.product-type.tool";
		};
/* End PBXNativeTarget section */

/* Begin PBXProject section */
		23C688E21D25A64500E65D70 /* Project object */ = {
			isa = PBXProject;
			attributes = {
				KnownAssetTags = (
					New,
				);
				LastUpgradeCheck = 0730;
				ORGANIZATIONNAME = "Shiva Kumar K";
				TargetAttributes = {
					23C688E91D25A64500E65D70 = {
						CreatedOnToolsVersion = 7.3.1;
					};
				};
			};
			buildConfigurationList = 23C688E51D25A64500E65D70 /* Build configuration list for PBXProject "BMITime" */;
			compatibilityVersion = "Xcode 3.2";
			developmentRegion = English;
			hasScannedForEncodings = 0;
			knownRegions = (
				en,
			);
			mainGroup = 23C688E11D25A64500E65D70;
			productRefGroup = 23C688EB1D25A64500E65D70 /* Products */;
			projectDirPath = "";
			projectRoot = "";
			targets = (
				23C688E91D25A64500E65D70 /* BMITime */,
			);
		};
/* End PBXProject section */

/* Begin PBXSourcesBuildPhase section */
		23C688E61D25A64500E65D70 /* Sources */ = {
			isa = PBXSourcesBuildPhase;
			buildActionMask = 2147483647;
			files = (
				23EBB7F41D28152D00CC5AE9 /* BNRForeignStockHolding.m in Sources */,
				23EBB7F71D281A8C00CC5AE9 /* BNRAsset.m in Sources */,
				23C688EE1D25A64500E65D70 /* main.m in Sources */,
				23C688F61D25A6BD00E65D70 /* BNRPerson.m in Sources */,
				23EBB7F11D280AD900CC5AE9 /* BNREmployee.m in Sources */,
				23C688F91D25AC3000E65D70 /* BNRStockHolding.m in Sources */,
			);
			runOnlyForDeploymentPostprocessing = 0;
		};
/* End PBXSourcesBuildPhase section */

/* Begin XCBuildConfiguration section */
		23C688EF1D25A64500E65D70 /* Debug */ = {
			isa = XCBuildConfiguration;
			buildSettings = {
				ALWAYS_SEARCH_USER_PATHS = NO;
				CLANG_ANALYZER_NONNULL = YES;
				CLANG_CXX_LANGUAGE_STANDARD = "gnu++0x";
				CLANG_CXX_LIBRARY = "libc++";
				CLANG_ENABLE_MODULES = YES;
				CLANG_ENABLE_OBJC_ARC = YES;
				CLANG_WARN_BOOL_CONVERSION = YES;
				CLANG_WARN_CONSTANT_CONVERSION = YES;
				CLANG_WARN_DIRECT_OBJC_ISA_USAGE = YES_ERROR;
				CLANG_WARN_EMPTY_BODY = YES;
				CLANG_WARN_ENUM_CONVERSION = YES;
				CLANG_WARN_INT_CONVERSION = YES;
				CLANG_WARN_OBJC_ROOT_CLASS = YES_ERROR;
				CLANG_WARN_UNREACHABLE_CODE = YES;
				CLANG_WARN__DUPLICATE_METHOD_MATCH = YES;
				CODE_SIGN_IDENTITY = "-";
				COPY_PHASE_STRIP = NO;
				DEBUG_INFORMATION_FORMAT = dwarf;
				ENABLE_STRICT_OBJC_MSGSEND = YES;
				ENABLE_TESTABILITY = YES;
				GCC_C_LANGUAGE_STANDARD = gnu99;
				GCC_DYNAMIC_NO_PIC = NO;
				GCC_NO_COMMON_BLOCKS = YES;
				GCC_OPTIMIZATION_LEVEL = 0;
				GCC_PREPROCESSOR_DEFINITIONS = (
					"DEBUG=1",
					"$(inherited)",
				);
				GCC_WARN_64_TO_32_BIT_CONVERSION = YES;
				GCC_WARN_ABOUT_RETURN_TYPE = YES_ERROR;
				GCC_WARN_UNDECLARED_SELECTOR = YES;
				GCC_WARN_UNINITIALIZED_AUTOS = YES_AGGRESSIVE;
				GCC_WARN_UNUSED_FUNCTION = YES;
				GCC_WARN_UNUSED_VARIABLE = YES;
				MACOSX_DEPLOYMENT_TARGET = 10.11;
				MTL_ENABLE_DEBUG_INFO = YES;
				ONLY_ACTIVE_ARCH = YES;
				SDKROOT = macosx;
			};
			name = Debug;
		};
		23C688F01D25A64500E65D70 /* Release */ = {
			isa = XCBuildConfiguration;
			buildSettings = {
				ALWAYS_SEARCH_USER_PATHS = NO;
				CLANG_ANALYZER_NONNULL = YES;
				CLANG_CXX_LANGUAGE_STANDARD = "gnu++0x";
				CLANG_CXX_LIBRARY = "libc++";
				CLANG_ENABLE_MODULES = YES;
				CLANG_ENABLE_OBJC_ARC = YES;
				CLANG_WARN_BOOL_CONVERSION = YES;
				CLANG_WARN_CONSTANT_CONVERSION = YES;
				CLANG_WARN_DIRECT_OBJC_ISA_USAGE = YES_ERROR;
				CLANG_WARN_EMPTY_BODY = YES;
				CLANG_WARN_ENUM_CONVERSION = YES;
				CLANG_WARN_INT_CONVERSION = YES;
				CLANG_WARN_OBJC_ROOT_CLASS = YES_ERROR;
				CLANG_WARN_UNREACHABLE_CODE = YES;
				CLANG_WARN__DUPLICATE_METHOD_MATCH = YES;
				CODE_SIGN_IDENTITY = "-";
				COPY_PHASE_STRIP = NO;
				DEBUG_INFORMATION_FORMAT = "dwarf-with-dsym";
				ENABLE_NS_ASSERTIONS = NO;
				ENABLE_STRICT_OBJC_MSGSEND = YES;
				GCC_C_LANGUAGE_STANDARD = gnu99;
				GCC_NO_COMMON_BLOCKS = YES;
				GCC_WARN_64_TO_32_BIT_CONVERSION = YES;
				GCC_WARN_ABOUT_RETURN_TYPE = YES_ERROR;
				GCC_WARN_UNDECLARED_SELECTOR = YES;
				GCC_WARN_UNINITIALIZED_AUTOS = YES_AGGRESSIVE;
				GCC_WARN_UNUSED_FUNCTION = YES;
				GCC_WARN_UNUSED_VARIABLE = YES;
				MACOSX_DEPLOYMENT_TARGET = 10.11;
				MTL_ENABLE_DEBUG_INFO = NO;
				SDKROOT = macosx;
			};
			name = Release;
		};
		23C688F21D25A64500E65D70 /* Debug */ = {
			isa = XCBuildConfiguration;
			buildSettings = {
				PRODUCT_NAME = "$(TARGET_NAME)";
			};
			name = Debug;
		};
		23C688F31D25A64500E65D70 /* Release */ = {
			isa = XCBuildConfiguration;
			buildSettings = {
				PRODUCT_NAME = "$(TARGET_NAME)";
			};
			name = Release;
		};
/* End XCBuildConfiguration section */

/* Begin XCConfigurationList section */
		23C688E51D25A64500E65D70 /* Build configuration list for PBXProject "BMITime" */ = {
			isa = XCConfigurationList;
			buildConfigurations = (
				23C688EF1D25A64500E65D70 /* Debug */,
				23C688F01D25A64500E65D70 /* Release */,
			);
			defaultConfigurationIsVisible = 0;
			defaultConfigurationName = Release;
		};
		23C688F11D25A64500E65D70 /* Build configuration list for PBXNativeTarget "BMITime" */ = {
			isa = XCConfigurationList;
			buildConfigurations = (
				23C688F21D25A64500E65D70 /* Debug */,
				23C688F31D25A64500E65D70 /* Release */,
			);
			defaultConfigurationIsVisible = 0;
			defaultConfigurationName = Release;
		};
/* End XCConfigurationList section */
	};
	rootObject = 23C688E21D25A64500E65D70 /* Project object */;
}
